
Microsoft Visual Studio Solution File, Format Version 12.00
# Visual Studio Version 17
VisualStudioVersion = 17.3.32519.111
MinimumVisualStudioVersion = 10.0.40219.1
Project("{9A19103F-16F7-4668-BE54-9A1E7A4F7556}") = "Skarnes20.FluentApiTest", "src\Skarnes20.FluentApiTest.csproj", "{CAFEC77D-A491-4F7A-8FD6-117EAEB589B7}"
EndProject
Global
	GlobalSection(SolutionConfigurationPlatforms) = preSolution
		Debug|Any CPU = Debug|Any CPU
		Release|Any CPU = Release|Any CPU
	EndGlobalSection
	GlobalSection(ProjectConfigurationPlatforms) = postSolution
		{CAFEC77D-A491-4F7A-8FD6-117EAEB589B7}.Debug|Any CPU.ActiveCfg = Debug|Any CPU
		{CAFEC77D-A491-4F7A-8FD6-117EAEB589B7}.Debug|Any CPU.Build.0 = Debug|Any CPU
		{CAFEC77D-A491-4F7A-8FD6-117EAEB589B7}.Release|Any CPU.ActiveCfg = Release|Any CPU
		{CAFEC77D-A491-4F7A-8FD6-117EAEB589B7}.Release|Any CPU.Build.0 = Release|Any CPU
	EndGlobalSection
	GlobalSection(SolutionProperties) = preSolution
		HideSolutionNode = FALSE
	EndGlobalSection
	GlobalSection(ExtensibilityGlobals) = postSolution
		SolutionGuid = {3C6B859B-E4CE-4D48-9147-EF94475BC3D9}
	EndGlobalSection
EndGlobal
